<?xml version="1.0" encoding="utf-8"?>
<Project ToolsVersion="4.0" xmlns="http://schemas.microsoft.com/developer/msbuild/2003">
  <ItemGroup>
    <Filter Include="Source Files">
      <UniqueIdentifier>{4FC737F1-C7A5-4376-A066-2A32D752A2FF}</UniqueIdentifier>
      <Extensions>cpp;c;cc;cxx;def;odl;idl;hpj;bat;asm;asmx</Extensions>
    </Filter>
    <Filter Include="Header Files">
      <UniqueIdentifier>{93995380-89BD-4b04-88EB-625FBE52EBFB}</UniqueIdentifier>
      <Extensions>h;hh;hpp;hxx;hm;inl;inc;xsd</Extensions>
    </Filter>
    <Filter Include="Resource Files">
      <UniqueIdentifier>{67DA6AB6-F800-4c08-8B7A-83BB121AAD01}</UniqueIdentifier>
      <Extensions>rc;ico;cur;bmp;dlg;rc2;rct;bin;rgs;gif;jpg;jpeg;jpe;resx;tiff;tif;png;wav;mfcribbon-ms</Extensions>
    </Filter>
    <Filter Include="Header Files\Organisation">
      <UniqueIdentifier>{377002fb-6050-4047-8805-ed4d100dd13d}</UniqueIdentifier>
    </Filter>
    <Filter Include="Source Files\Organisation">
      <UniqueIdentifier>{af87addf-f4bb-43f3-a1ff-1cc676f7b717}</UniqueIdentifier>
    </Filter>
    <Filter Include="Header Files\Shaders">
      <UniqueIdentifier>{6f08f170-80d6-4a6d-8f69-747a519af113}</UniqueIdentifier>
    </Filter>
    <Filter Include="Source Files\Shaders">
      <UniqueIdentifier>{e4981761-f549-4ded-9256-00fbd32e9fa8}</UniqueIdentifier>
    </Filter>
    <Filter Include="Header Files\Shaders\Resources">
      <UniqueIdentifier>{1c44e215-113e-472a-89ff-5e5dec2dedae}</UniqueIdentifier>
    </Filter>
    <Filter Include="Header Files\Objects">
      <UniqueIdentifier>{bf583f16-a0da-4c87-9986-e00f47feaee8}</UniqueIdentifier>
    </Filter>
    <Filter Include="Header Files\Meshes">
      <UniqueIdentifier>{b6970f54-959b-4c2d-9062-e777eff37e47}</UniqueIdentifier>
    </Filter>
    <Filter Include="Source Files\Objects">
      <UniqueIdentifier>{7bea4091-a001-4c7d-8245-739c646f2d53}</UniqueIdentifier>
    </Filter>
    <Filter Include="Source Files\Meshes">
      <UniqueIdentifier>{80a47e1f-d6c5-48c1-898b-cf8a2801532c}</UniqueIdentifier>
    </Filter>
    <Filter Include="Resource Files\Bloom">
      <UniqueIdentifier>{4c41dc9c-3ab5-4e1b-85d6-014d821f8253}</UniqueIdentifier>
    </Filter>
    <Filter Include="Resource Files\Tessellated Plane">
      <UniqueIdentifier>{35fd8435-1e68-4ffb-87ed-0573504df488}</UniqueIdentifier>
    </Filter>
    <Filter Include="Resource Files\Shadow">
      <UniqueIdentifier>{df2f9b06-366e-4258-a104-30907623d2c5}</UniqueIdentifier>
    </Filter>
    <Filter Include="Resource Files\Tessellated Plane\Redundant">
      <UniqueIdentifier>{0e6f4285-0e6a-44d1-ad48-45ec5b75201d}</UniqueIdentifier>
    </Filter>
  </ItemGroup>
  <ItemGroup>
    <ClCompile Include="App1.cpp">
      <Filter>Source Files</Filter>
    </ClCompile>
    <ClCompile Include="Main.cpp">
      <Filter>Source Files</Filter>
    </ClCompile>
    <ClCompile Include="GameObject.cpp">
      <Filter>Source Files\Organisation</Filter>
    </ClCompile>
    <ClCompile Include="GameObjectManager.cpp">
      <Filter>Source Files\Organisation</Filter>
    </ClCompile>
    <ClCompile Include="Scene.cpp">
      <Filter>Source Files\Organisation</Filter>
    </ClCompile>
    <ClCompile Include="SimpleShader.cpp">
      <Filter>Source Files\Shaders</Filter>
    </ClCompile>
    <ClCompile Include="BloomVerticalBlurShader.cpp">
      <Filter>Source Files\Shaders</Filter>
    </ClCompile>
    <ClCompile Include="BloomMergeToSceneShader.cpp">
      <Filter>Source Files\Shaders</Filter>
    </ClCompile>
    <ClCompile Include="BloomHorizontalBlurShader.cpp">
      <Filter>Source Files\Shaders</Filter>
    </ClCompile>
    <ClCompile Include="BloomGetBrightestShader.cpp">
      <Filter>Source Files\Shaders</Filter>
    </ClCompile>
    <ClCompile Include="PlaneTessellationShader.cpp">
      <Filter>Source Files\Shaders</Filter>
    </ClCompile>
    <ClCompile Include="BloomPostProcessObject.cpp">
      <Filter>Source Files\Objects</Filter>
    </ClCompile>
    <ClCompile Include="SimpleSphereObject.cpp">
      <Filter>Source Files\Objects</Filter>
    </ClCompile>
    <ClCompile Include="TessellatedPlaneObject.cpp">
      <Filter>Source Files\Objects</Filter>
    </ClCompile>
    <ClCompile Include="TessellationPlaneMesh.cpp">
      <Filter>Source Files\Meshes</Filter>
    </ClCompile>
    <ClCompile Include="LightObject.cpp">
      <Filter>Source Files\Objects</Filter>
    </ClCompile>
    <ClCompile Include="ShadowDepthShader.cpp">
      <Filter>Source Files\Shaders</Filter>
    </ClCompile>
    <ClCompile Include="ShadowShader.cpp">
      <Filter>Source Files\Shaders</Filter>
    </ClCompile>
    <ClCompile Include="ShadowObject.cpp">
      <Filter>Source Files\Objects</Filter>
    </ClCompile>
    <ClCompile Include="ShadowTessellationDepthShader.cpp">
      <Filter>Source Files\Shaders</Filter>
    </ClCompile>
    <ClCompile Include="ShadowTessellationShader.cpp">
      <Filter>Source Files\Shaders</Filter>
    </ClCompile>
    <ClCompile Include="SimplePlaneObject.cpp">
      <Filter>Source Files\Objects</Filter>
    </ClCompile>
    <ClCompile Include="ModelObject.cpp">
      <Filter>Source Files\Objects</Filter>
    </ClCompile>
  </ItemGroup>
  <ItemGroup>
    <ClInclude Include="App1.h">
      <Filter>Header Files</Filter>
    </ClInclude>
    <ClInclude Include="Transform.h">
      <Filter>Header Files\Organisation</Filter>
    </ClInclude>
    <ClInclude Include="Scene.h">
      <Filter>Header Files\Organisation</Filter>
    </ClInclude>
    <ClInclude Include="GameVariables.h">
      <Filter>Header Files\Organisation</Filter>
    </ClInclude>
    <ClInclude Include="GameObjectManager.h">
      <Filter>Header Files\Organisation</Filter>
    </ClInclude>
    <ClInclude Include="GameObject.h">
      <Filter>Header Files\Organisation</Filter>
    </ClInclude>
    <ClInclude Include="ENUM_GameObjectType.h">
      <Filter>Header Files\Organisation</Filter>
    </ClInclude>
    <ClInclude Include="SimpleShader.h">
      <Filter>Header Files\Shaders</Filter>
    </ClInclude>
    <ClInclude Include="ShaderHelpers.h">
      <Filter>Header Files\Shaders\Resources</Filter>
    </ClInclude>
    <ClInclude Include="PlaneTessellationShader.h">
      <Filter>Header Files\Shaders</Filter>
    </ClInclude>
    <ClInclude Include="BloomHorizontalBlurShader.h">
      <Filter>Header Files\Shaders</Filter>
    </ClInclude>
    <ClInclude Include="BloomMergeToSceneShader.h">
      <Filter>Header Files\Shaders</Filter>
    </ClInclude>
    <ClInclude Include="BloomGetBrightestShader.h">
      <Filter>Header Files\Shaders</Filter>
    </ClInclude>
    <ClInclude Include="BloomVerticalBlurShader.h">
      <Filter>Header Files\Shaders</Filter>
    </ClInclude>
    <ClInclude Include="SimpleSphereObject.h">
      <Filter>Header Files\Objects</Filter>
    </ClInclude>
    <ClInclude Include="TessellatedPlaneObject.h">
      <Filter>Header Files\Objects</Filter>
    </ClInclude>
    <ClInclude Include="BloomPostProcessObject.h">
      <Filter>Header Files\Objects</Filter>
    </ClInclude>
    <ClInclude Include="TessellationPlaneMesh.h">
      <Filter>Header Files\Meshes</Filter>
    </ClInclude>
    <ClInclude Include="LightObject.h">
      <Filter>Header Files\Objects</Filter>
    </ClInclude>
    <ClInclude Include="ShadowDepthShader.h">
      <Filter>Header Files\Shaders</Filter>
    </ClInclude>
    <ClInclude Include="PlaneTessellationParams.h">
      <Filter>Header Files\Shaders\Resources</Filter>
    </ClInclude>
    <ClInclude Include="ShadowObject.h">
      <Filter>Header Files\Objects</Filter>
    </ClInclude>
    <ClInclude Include="ShadowShader.h">
      <Filter>Header Files\Shaders</Filter>
    </ClInclude>
    <ClInclude Include="ShadowShaderBufferTypes.h">
      <Filter>Header Files\Shaders\Resources</Filter>
    </ClInclude>
    <ClInclude Include="ShadowShaderParams.h">
      <Filter>Header Files\Shaders\Resources</Filter>
    </ClInclude>
    <ClInclude Include="ShadowTessellationDepthShader.h">
      <Filter>Header Files\Shaders</Filter>
    </ClInclude>
    <ClInclude Include="ShadowTessellationShader.h">
      <Filter>Header Files\Shaders</Filter>
    </ClInclude>
    <ClInclude Include="SimplePlaneObject.h">
      <Filter>Header Files\Objects</Filter>
    </ClInclude>
    <ClInclude Include="ModelObject.h">
      <Filter>Header Files\Objects</Filter>
    </ClInclude>
    <ClInclude Include="TessellationBufferTypes.h">
      <Filter>Header Files\Shaders\Resources</Filter>
    </ClInclude>
  </ItemGroup>
  <ItemGroup>
    <FxCompile Include="general_vs.hlsl">
      <Filter>Resource Files</Filter>
    </FxCompile>
    <FxCompile Include="general_ps.hlsl">
      <Filter>Resource Files</Filter>
    </FxCompile>
    <FxCompile Include="bloomBlurHorizontal_ps.hlsl">
      <Filter>Resource Files\Bloom</Filter>
    </FxCompile>
    <FxCompile Include="bloomBlurVertical_ps.hlsl">
      <Filter>Resource Files\Bloom</Filter>
    </FxCompile>
    <FxCompile Include="bloomGetBrightest_ps.hlsl">
      <Filter>Resource Files\Bloom</Filter>
    </FxCompile>
    <FxCompile Include="bloomMergeToScene_ps.hlsl">
      <Filter>Resource Files\Bloom</Filter>
    </FxCompile>
    <FxCompile Include="tessellation_hs.hlsl">
      <Filter>Resource Files\Tessellated Plane</Filter>
    </FxCompile>
    <FxCompile Include="tessellation_vs.hlsl">
      <Filter>Resource Files\Tessellated Plane</Filter>
    </FxCompile>
    <FxCompile Include="tessellationShadowDepth_ds.hlsl">
      <Filter>Resource Files\Tessellated Plane</Filter>
    </FxCompile>
    <FxCompile Include="tessellationShadow_ds.hlsl">
      <Filter>Resource Files\Tessellated Plane</Filter>
    </FxCompile>
    <FxCompile Include="shadowDepth_vs.hlsl">
      <Filter>Resource Files\Shadow</Filter>
    </FxCompile>
    <FxCompile Include="shadowDepth_ps.hlsl">
      <Filter>Resource Files\Shadow</Filter>
    </FxCompile>
    <FxCompile Include="shadow_vs.hlsl">
      <Filter>Resource Files\Shadow</Filter>
    </FxCompile>
    <FxCompile Include="shadow_ps.hlsl">
      <Filter>Resource Files\Shadow</Filter>
    </FxCompile>
    <FxCompile Include="tessellation_ds.hlsl">
      <Filter>Resource Files\Tessellated Plane\Redundant</Filter>
    </FxCompile>
  </ItemGroup>
  <ItemGroup>
    <Text Include="__IMPLEMENTATION_NOTES__.md">
      <Filter>Source Files</Filter>
    </Text>
  </ItemGroup>
  <ItemGroup>
    <None Include="ClassDiagram.cd">
      <Filter>Header Files</Filter>
    </None>
  </ItemGroup>
</Project>